// !$*UTF8*$!
{
	archiveVersion = 1;
	classes = {
	};
	objectVersion = 48;
	objects = {

/* Begin PBXBuildFile section */
		28255EEB200F1822001FB409 /* ButtonNode.swift in Sources */ = {isa = PBXBuildFile; fileRef = 28255EEA200F1822001FB409 /* ButtonNode.swift */; };
		28825BD4200D143F00D18CDC /* Grid.swift in Sources */ = {isa = PBXBuildFile; fileRef = 28825BD3200D143F00D18CDC /* Grid.swift */; };
		28825BD6200D144F00D18CDC /* GridController.swift in Sources */ = {isa = PBXBuildFile; fileRef = 28825BD5200D144F00D18CDC /* GridController.swift */; };
		28825BD8200D14D800D18CDC /* MyTileSet.sks in Resources */ = {isa = PBXBuildFile; fileRef = 28825BD7200D14D800D18CDC /* MyTileSet.sks */; };
		28825BDA200D17C000D18CDC /* AIController.swift in Sources */ = {isa = PBXBuildFile; fileRef = 28825BD9200D17C000D18CDC /* AIController.swift */; };
		28D1F42520106F4300028EED /* Game.swift in Sources */ = {isa = PBXBuildFile; fileRef = 28D1F42420106F4300028EED /* Game.swift */; };
		B2034A9620042E36004F8D7B /* AppDelegate.swift in Sources */ = {isa = PBXBuildFile; fileRef = B2034A9520042E36004F8D7B /* AppDelegate.swift */; };
		B2034A9820042E36004F8D7B /* GameScene.sks in Resources */ = {isa = PBXBuildFile; fileRef = B2034A9720042E36004F8D7B /* GameScene.sks */; };
		B2034A9A20042E36004F8D7B /* Actions.sks in Resources */ = {isa = PBXBuildFile; fileRef = B2034A9920042E36004F8D7B /* Actions.sks */; };
		B2034A9C20042E36004F8D7B /* GameScene.swift in Sources */ = {isa = PBXBuildFile; fileRef = B2034A9B20042E36004F8D7B /* GameScene.swift */; };
		B2034A9E20042E36004F8D7B /* GameViewController.swift in Sources */ = {isa = PBXBuildFile; fileRef = B2034A9D20042E36004F8D7B /* GameViewController.swift */; };
		B2034AA320042E36004F8D7B /* Assets.xcassets in Resources */ = {isa = PBXBuildFile; fileRef = B2034AA220042E36004F8D7B /* Assets.xcassets */; };
		B2034AB520052C68004F8D7B /* Ship.swift in Sources */ = {isa = PBXBuildFile; fileRef = B2034AB420052C68004F8D7B /* Ship.swift */; };
		B2034AB720052CFF004F8D7B /* Settings.swift in Sources */ = {isa = PBXBuildFile; fileRef = B2034AB620052CFF004F8D7B /* Settings.swift */; };
		B2034AB920052F23004F8D7B /* Player.swift in Sources */ = {isa = PBXBuildFile; fileRef = B2034AB820052F23004F8D7B /* Player.swift */; };
		B2034ABB2005332D004F8D7B /* Computer.swift in Sources */ = {isa = PBXBuildFile; fileRef = B2034ABA2005332D004F8D7B /* Computer.swift */; };
		B2CD6293200968B200F4255C /* LaunchScreen.storyboard in Resources */ = {isa = PBXBuildFile; fileRef = B2CD6291200968B100F4255C /* LaunchScreen.storyboard */; };
		B2D08152201AF6860029F302 /* Animation.swift in Sources */ = {isa = PBXBuildFile; fileRef = B2D08151201AF6860029F302 /* Animation.swift */; };
		B2D08158201B24B80029F302 /* explosion.mp3 in Resources */ = {isa = PBXBuildFile; fileRef = B2D08157201B24B80029F302 /* explosion.mp3 */; };
		B2D0815A201B24C60029F302 /* splash.mp3 in Resources */ = {isa = PBXBuildFile; fileRef = B2D08159201B24C60029F302 /* splash.mp3 */; };
		B2D0815C201B24D90029F302 /* sunkexplosion.mp3 in Resources */ = {isa = PBXBuildFile; fileRef = B2D0815B201B24D80029F302 /* sunkexplosion.mp3 */; };
		B2D08160201B25690029F302 /* Smoke.sks in Resources */ = {isa = PBXBuildFile; fileRef = B2D0815F201B25690029F302 /* Smoke.sks */; };
		B986E13D200D38B20079BB85 /* Epic-battle-music-grzegorz-majcherczyk-heroica.mp3 in Resources */ = {isa = PBXBuildFile; fileRef = B986E13C200D38B20079BB85 /* Epic-battle-music-grzegorz-majcherczyk-heroica.mp3 */; };
		C9427C7B2033A801008D3A50 /* explosion.sks in Resources */ = {isa = PBXBuildFile; fileRef = C9427C7A2033A801008D3A50 /* explosion.sks */; };
		C9D239F5203279F20047A97D /* Main.storyboard in Resources */ = {isa = PBXBuildFile; fileRef = C9D239F4203279F20047A97D /* Main.storyboard */; };
		C9D239F720327BCB0047A97D /* InitialGameViewController.swift in Sources */ = {isa = PBXBuildFile; fileRef = C9D239F620327BCB0047A97D /* InitialGameViewController.swift */; };
		C9D239F920327BDB0047A97D /* GameOverSceneViewController.swift in Sources */ = {isa = PBXBuildFile; fileRef = C9D239F820327BDA0047A97D /* GameOverSceneViewController.swift */; };
/* End PBXBuildFile section */

/* Begin PBXFileReference section */
		28255EEA200F1822001FB409 /* ButtonNode.swift */ = {isa = PBXFileReference; lastKnownFileType = sourcecode.swift; path = ButtonNode.swift; sourceTree = "<group>"; };
		28825BD3200D143F00D18CDC /* Grid.swift */ = {isa = PBXFileReference; fileEncoding = 4; lastKnownFileType = sourcecode.swift; path = Grid.swift; sourceTree = "<group>"; };
		28825BD5200D144F00D18CDC /* GridController.swift */ = {isa = PBXFileReference; fileEncoding = 4; lastKnownFileType = sourcecode.swift; path = GridController.swift; sourceTree = "<group>"; };
		28825BD7200D14D800D18CDC /* MyTileSet.sks */ = {isa = PBXFileReference; lastKnownFileType = file.sks; path = MyTileSet.sks; sourceTree = "<group>"; };
		28825BD9200D17C000D18CDC /* AIController.swift */ = {isa = PBXFileReference; lastKnownFileType = sourcecode.swift; path = AIController.swift; sourceTree = "<group>"; };
		28D1F42420106F4300028EED /* Game.swift */ = {isa = PBXFileReference; lastKnownFileType = sourcecode.swift; path = Game.swift; sourceTree = "<group>"; };
		B2034A9220042E36004F8D7B /* BattleShipGame.app */ = {isa = PBXFileReference; explicitFileType = wrapper.application; includeInIndex = 0; path = BattleShipGame.app; sourceTree = BUILT_PRODUCTS_DIR; };
		B2034A9520042E36004F8D7B /* AppDelegate.swift */ = {isa = PBXFileReference; lastKnownFileType = sourcecode.swift; path = AppDelegate.swift; sourceTree = "<group>"; };
		B2034A9720042E36004F8D7B /* GameScene.sks */ = {isa = PBXFileReference; lastKnownFileType = file.sks; path = GameScene.sks; sourceTree = "<group>"; };
		B2034A9920042E36004F8D7B /* Actions.sks */ = {isa = PBXFileReference; lastKnownFileType = file.sks; path = Actions.sks; sourceTree = "<group>"; };
		B2034A9B20042E36004F8D7B /* GameScene.swift */ = {isa = PBXFileReference; lastKnownFileType = sourcecode.swift; path = GameScene.swift; sourceTree = "<group>"; };
		B2034A9D20042E36004F8D7B /* GameViewController.swift */ = {isa = PBXFileReference; lastKnownFileType = sourcecode.swift; path = GameViewController.swift; sourceTree = "<group>"; };
		B2034AA220042E36004F8D7B /* Assets.xcassets */ = {isa = PBXFileReference; lastKnownFileType = folder.assetcatalog; path = Assets.xcassets; sourceTree = "<group>"; };
		B2034AA720042E36004F8D7B /* Info.plist */ = {isa = PBXFileReference; lastKnownFileType = text.plist.xml; path = Info.plist; sourceTree = "<group>"; };
		B2034AB420052C68004F8D7B /* Ship.swift */ = {isa = PBXFileReference; lastKnownFileType = sourcecode.swift; path = Ship.swift; sourceTree = "<group>"; };
		B2034AB620052CFF004F8D7B /* Settings.swift */ = {isa = PBXFileReference; lastKnownFileType = sourcecode.swift; path = Settings.swift; sourceTree = "<group>"; };
		B2034AB820052F23004F8D7B /* Player.swift */ = {isa = PBXFileReference; lastKnownFileType = sourcecode.swift; path = Player.swift; sourceTree = "<group>"; };
		B2034ABA2005332D004F8D7B /* Computer.swift */ = {isa = PBXFileReference; lastKnownFileType = sourcecode.swift; path = Computer.swift; sourceTree = "<group>"; };
		B2CD6291200968B100F4255C /* LaunchScreen.storyboard */ = {isa = PBXFileReference; fileEncoding = 4; lastKnownFileType = file.storyboard; path = LaunchScreen.storyboard; sourceTree = "<group>"; };
		B2D08151201AF6860029F302 /* Animation.swift */ = {isa = PBXFileReference; lastKnownFileType = sourcecode.swift; path = Animation.swift; sourceTree = "<group>"; };
		B2D08157201B24B80029F302 /* explosion.mp3 */ = {isa = PBXFileReference; lastKnownFileType = audio.mp3; path = explosion.mp3; sourceTree = "<group>"; };
		B2D08159201B24C60029F302 /* splash.mp3 */ = {isa = PBXFileReference; lastKnownFileType = audio.mp3; path = splash.mp3; sourceTree = "<group>"; };
		B2D0815B201B24D80029F302 /* sunkexplosion.mp3 */ = {isa = PBXFileReference; lastKnownFileType = audio.mp3; path = sunkexplosion.mp3; sourceTree = "<group>"; };
		B2D0815F201B25690029F302 /* Smoke.sks */ = {isa = PBXFileReference; lastKnownFileType = file.sks; path = Smoke.sks; sourceTree = "<group>"; };
		B986E13C200D38B20079BB85 /* Epic-battle-music-grzegorz-majcherczyk-heroica.mp3 */ = {isa = PBXFileReference; lastKnownFileType = audio.mp3; path = "Epic-battle-music-grzegorz-majcherczyk-heroica.mp3"; sourceTree = "<group>"; };
		C9427C7A2033A801008D3A50 /* explosion.sks */ = {isa = PBXFileReference; lastKnownFileType = file.sks; path = explosion.sks; sourceTree = "<group>"; };
		C9D239F4203279F20047A97D /* Main.storyboard */ = {isa = PBXFileReference; fileEncoding = 4; lastKnownFileType = file.storyboard; path = Main.storyboard; sourceTree = "<group>"; };
		C9D239F620327BCB0047A97D /* InitialGameViewController.swift */ = {isa = PBXFileReference; fileEncoding = 4; lastKnownFileType = sourcecode.swift; path = InitialGameViewController.swift; sourceTree = "<group>"; };
		C9D239F820327BDA0047A97D /* GameOverSceneViewController.swift */ = {isa = PBXFileReference; fileEncoding = 4; lastKnownFileType = sourcecode.swift; path = GameOverSceneViewController.swift; sourceTree = "<group>"; };
/* End PBXFileReference section */

/* Begin PBXFrameworksBuildPhase section */
		B2034A8F20042E36004F8D7B /* Frameworks */ = {
			isa = PBXFrameworksBuildPhase;
			buildActionMask = 2147483647;
			files = (
			);
			runOnlyForDeploymentPostprocessing = 0;
		};
/* End PBXFrameworksBuildPhase section */

/* Begin PBXGroup section */
		B2034A8920042E36004F8D7B = {
			isa = PBXGroup;
			children = (
				B2034A9420042E36004F8D7B /* BattleShipGame */,
				B2034A9320042E36004F8D7B /* Products */,
			);
			sourceTree = "<group>";
		};
		B2034A9320042E36004F8D7B /* Products */ = {
			isa = PBXGroup;
			children = (
				B2034A9220042E36004F8D7B /* BattleShipGame.app */,
			);
			name = Products;
			sourceTree = "<group>";
		};
		B2034A9420042E36004F8D7B /* BattleShipGame */ = {
			isa = PBXGroup;
			children = (
				B2034AB120052C18004F8D7B /* SpriteKit Files */,
				B2034AAD20052BE0004F8D7B /* Model */,
				B2034AB220052C3A004F8D7B /* Model Controllers */,
				B2034AAF20052BFB004F8D7B /* View Controllers */,
				B2034AAE20052BF0004F8D7B /* Storyboards */,
				B2034AB020052C07004F8D7B /* Supporting Files */,
			);
			path = BattleShipGame;
			sourceTree = "<group>";
		};
		B2034AAD20052BE0004F8D7B /* Model */ = {
			isa = PBXGroup;
			children = (
				28825BD3200D143F00D18CDC /* Grid.swift */,
				B2034AB420052C68004F8D7B /* Ship.swift */,
				B2034AB620052CFF004F8D7B /* Settings.swift */,
				B2034AB820052F23004F8D7B /* Player.swift */,
				B2034ABA2005332D004F8D7B /* Computer.swift */,
				28255EEA200F1822001FB409 /* ButtonNode.swift */,
				28D1F42420106F4300028EED /* Game.swift */,
				B2D08151201AF6860029F302 /* Animation.swift */,
			);
			path = Model;
			sourceTree = "<group>";
		};
		B2034AAE20052BF0004F8D7B /* Storyboards */ = {
			isa = PBXGroup;
			children = (
				B2CD6291200968B100F4255C /* LaunchScreen.storyboard */,
				C9D239F4203279F20047A97D /* Main.storyboard */,
			);
			path = Storyboards;
			sourceTree = "<group>";
		};
		B2034AAF20052BFB004F8D7B /* View Controllers */ = {
			isa = PBXGroup;
			children = (
				C9D239F620327BCB0047A97D /* InitialGameViewController.swift */,
				B2034A9D20042E36004F8D7B /* GameViewController.swift */,
				C9D239F820327BDA0047A97D /* GameOverSceneViewController.swift */,
			);
			path = "View Controllers";
			sourceTree = "<group>";
		};
		B2034AB020052C07004F8D7B /* Supporting Files */ = {
			isa = PBXGroup;
			children = (
				B2034A9520042E36004F8D7B /* AppDelegate.swift */,
				B2034AA220042E36004F8D7B /* Assets.xcassets */,
				B986E13C200D38B20079BB85 /* Epic-battle-music-grzegorz-majcherczyk-heroica.mp3 */,
				B2034AA720042E36004F8D7B /* Info.plist */,
				28825BD7200D14D800D18CDC /* MyTileSet.sks */,
				B2D08159201B24C60029F302 /* splash.mp3 */,
				B2D08157201B24B80029F302 /* explosion.mp3 */,
				B2D0815B201B24D80029F302 /* sunkexplosion.mp3 */,
				B2D0815F201B25690029F302 /* Smoke.sks */,
				C9427C7A2033A801008D3A50 /* explosion.sks */,
			);
			path = "Supporting Files";
			sourceTree = "<group>";
		};
		B2034AB120052C18004F8D7B /* SpriteKit Files */ = {
			isa = PBXGroup;
			children = (
				B2034A9720042E36004F8D7B /* GameScene.sks */,
				B2034A9920042E36004F8D7B /* Actions.sks */,
				B2034A9B20042E36004F8D7B /* GameScene.swift */,
			);
			path = "SpriteKit Files";
			sourceTree = "<group>";
		};
		B2034AB220052C3A004F8D7B /* Model Controllers */ = {
			isa = PBXGroup;
			children = (
				28825BD9200D17C000D18CDC /* AIController.swift */,
				28825BD5200D144F00D18CDC /* GridController.swift */,
			);
			path = "Model Controllers";
			sourceTree = "<group>";
		};
/* End PBXGroup section */

/* Begin PBXNativeTarget section */
		B2034A9120042E36004F8D7B /* BattleShipGame */ = {
			isa = PBXNativeTarget;
			buildConfigurationList = B2034AAA20042E36004F8D7B /* Build configuration list for PBXNativeTarget "BattleShipGame" */;
			buildPhases = (
				B2034A8E20042E36004F8D7B /* Sources */,
				B2034A8F20042E36004F8D7B /* Frameworks */,
				B2034A9020042E36004F8D7B /* Resources */,
			);
			buildRules = (
			);
			dependencies = (
			);
			name = BattleShipGame;
			productName = BattleShipGame;
			productReference = B2034A9220042E36004F8D7B /* BattleShipGame.app */;
			productType = "com.apple.product-type.application";
		};
/* End PBXNativeTarget section */

/* Begin PBXProject section */
		B2034A8A20042E36004F8D7B /* Project object */ = {
			isa = PBXProject;
			attributes = {
				LastSwiftUpdateCheck = 0920;
				LastUpgradeCheck = 0920;
				ORGANIZATIONNAME = "Kudryatzhan Arziyev";
				TargetAttributes = {
					B2034A9120042E36004F8D7B = {
						CreatedOnToolsVersion = 9.2;
						ProvisioningStyle = Automatic;
					};
				};
			};
			buildConfigurationList = B2034A8D20042E36004F8D7B /* Build configuration list for PBXProject "BattleShipGame" */;
			compatibilityVersion = "Xcode 8.0";
			developmentRegion = en;
			hasScannedForEncodings = 0;
			knownRegions = (
				en,
				Base,
			);
			mainGroup = B2034A8920042E36004F8D7B;
			productRefGroup = B2034A9320042E36004F8D7B /* Products */;
			projectDirPath = "";
			projectRoot = "";
			targets = (
				B2034A9120042E36004F8D7B /* BattleShipGame */,
			);
		};
/* End PBXProject section */

/* Begin PBXResourcesBuildPhase section */
		B2034A9020042E36004F8D7B /* Resources */ = {
			isa = PBXResourcesBuildPhase;
			buildActionMask = 2147483647;
			files = (
				28825BD8200D14D800D18CDC /* MyTileSet.sks in Resources */,
				B2034A9820042E36004F8D7B /* GameScene.sks in Resources */,
				B2CD6293200968B200F4255C /* LaunchScreen.storyboard in Resources */,
				B2D08158201B24B80029F302 /* explosion.mp3 in Resources */,
				B2D0815C201B24D90029F302 /* sunkexplosion.mp3 in Resources */,
				C9D239F5203279F20047A97D /* Main.storyboard in Resources */,
				B2034AA320042E36004F8D7B /* Assets.xcassets in Resources */,
				B986E13D200D38B20079BB85 /* Epic-battle-music-grzegorz-majcherczyk-heroica.mp3 in Resources */,
				B2D0815A201B24C60029F302 /* splash.mp3 in Resources */,
				C9427C7B2033A801008D3A50 /* explosion.sks in Resources */,
				B2034A9A20042E36004F8D7B /* Actions.sks in Resources */,
				B2D08160201B25690029F302 /* Smoke.sks in Resources */,
			);
			runOnlyForDeploymentPostprocessing = 0;
		};
/* End PBXResourcesBuildPhase section */

/* Begin PBXSourcesBuildPhase section */
		B2034A8E20042E36004F8D7B /* Sources */ = {
			isa = PBXSourcesBuildPhase;
			buildActionMask = 2147483647;
			files = (
				B2034A9C20042E36004F8D7B /* GameScene.swift in Sources */,
				B2034AB520052C68004F8D7B /* Ship.swift in Sources */,
				C9D239F720327BCB0047A97D /* InitialGameViewController.swift in Sources */,
				28D1F42520106F4300028EED /* Game.swift in Sources */,
				28825BD6200D144F00D18CDC /* GridController.swift in Sources */,
				B9DB27FD201A4A50008EC0AF /* GameOverSceneViewController.swift in Sources */,
				28255EEB200F1822001FB409 /* ButtonNode.swift in Sources */,
				28825BDA200D17C000D18CDC /* AIController.swift in Sources */,
				B2034ABB2005332D004F8D7B /* Computer.swift in Sources */,
				B2034A9E20042E36004F8D7B /* GameViewController.swift in Sources */,
				B2034A9620042E36004F8D7B /* AppDelegate.swift in Sources */,
				B2034AB920052F23004F8D7B /* Player.swift in Sources */,
				B2034AB720052CFF004F8D7B /* Settings.swift in Sources */,
				C9D239F920327BDB0047A97D /* GameOverSceneViewController.swift in Sources */,
				B2D08152201AF6860029F302 /* Animation.swift in Sources */,
				28825BD4200D143F00D18CDC /* Grid.swift in Sources */,
			);
			runOnlyForDeploymentPostprocessing = 0;
		};
/* End PBXSourcesBuildPhase section */

/* Begin XCBuildConfiguration section */
		B2034AA820042E36004F8D7B /* Debug */ = {
			isa = XCBuildConfiguration;
			buildSettings = {
				ALWAYS_SEARCH_USER_PATHS = NO;
				CLANG_ANALYZER_NONNULL = YES;
				CLANG_ANALYZER_NUMBER_OBJECT_CONVERSION = YES_AGGRESSIVE;
				CLANG_CXX_LANGUAGE_STANDARD = "gnu++14";
				CLANG_CXX_LIBRARY = "libc++";
				CLANG_ENABLE_MODULES = YES;
				CLANG_ENABLE_OBJC_ARC = YES;
				CLANG_WARN_BLOCK_CAPTURE_AUTORELEASING = YES;
				CLANG_WARN_BOOL_CONVERSION = YES;
				CLANG_WARN_COMMA = YES;
				CLANG_WARN_CONSTANT_CONVERSION = YES;
				CLANG_WARN_DIRECT_OBJC_ISA_USAGE = YES_ERROR;
				CLANG_WARN_DOCUMENTATION_COMMENTS = YES;
				CLANG_WARN_EMPTY_BODY = YES;
				CLANG_WARN_ENUM_CONVERSION = YES;
				CLANG_WARN_INFINITE_RECURSION = YES;
				CLANG_WARN_INT_CONVERSION = YES;
				CLANG_WARN_NON_LITERAL_NULL_CONVERSION = YES;
				CLANG_WARN_OBJC_LITERAL_CONVERSION = YES;
				CLANG_WARN_OBJC_ROOT_CLASS = YES_ERROR;
				CLANG_WARN_RANGE_LOOP_ANALYSIS = YES;
				CLANG_WARN_STRICT_PROTOTYPES = YES;
				CLANG_WARN_SUSPICIOUS_MOVE = YES;
				CLANG_WARN_UNGUARDED_AVAILABILITY = YES_AGGRESSIVE;
				CLANG_WARN_UNREACHABLE_CODE = YES;
				CLANG_WARN__DUPLICATE_METHOD_MATCH = YES;
				CODE_SIGN_IDENTITY = "iPhone Developer";
				COPY_PHASE_STRIP = NO;
				DEBUG_INFORMATION_FORMAT = dwarf;
				ENABLE_STRICT_OBJC_MSGSEND = YES;
				ENABLE_TESTABILITY = YES;
				GCC_C_LANGUAGE_STANDARD = gnu11;
				GCC_DYNAMIC_NO_PIC = NO;
				GCC_NO_COMMON_BLOCKS = YES;
				GCC_OPTIMIZATION_LEVEL = 0;
				GCC_PREPROCESSOR_DEFINITIONS = (
					"DEBUG=1",
					"$(inherited)",
				);
				GCC_WARN_64_TO_32_BIT_CONVERSION = YES;
				GCC_WARN_ABOUT_RETURN_TYPE = YES_ERROR;
				GCC_WARN_UNDECLARED_SELECTOR = YES;
				GCC_WARN_UNINITIALIZED_AUTOS = YES_AGGRESSIVE;
				GCC_WARN_UNUSED_FUNCTION = YES;
				GCC_WARN_UNUSED_VARIABLE = YES;
				IPHONEOS_DEPLOYMENT_TARGET = 11.0;
				MTL_ENABLE_DEBUG_INFO = YES;
				ONLY_ACTIVE_ARCH = YES;
				SDKROOT = iphoneos;
				SWIFT_ACTIVE_COMPILATION_CONDITIONS = DEBUG;
				SWIFT_OPTIMIZATION_LEVEL = "-Onone";
			};
			name = Debug;
		};
		B2034AA920042E36004F8D7B /* Release */ = {
			isa = XCBuildConfiguration;
			buildSettings = {
				ALWAYS_SEARCH_USER_PATHS = NO;
				CLANG_ANALYZER_NONNULL = YES;
				CLANG_ANALYZER_NUMBER_OBJECT_CONVERSION = YES_AGGRESSIVE;
				CLANG_CXX_LANGUAGE_STANDARD = "gnu++14";
				CLANG_CXX_LIBRARY = "libc++";
				CLANG_ENABLE_MODULES = YES;
				CLANG_ENABLE_OBJC_ARC = YES;
				CLANG_WARN_BLOCK_CAPTURE_AUTORELEASING = YES;
				CLANG_WARN_BOOL_CONVERSION = YES;
				CLANG_WARN_COMMA = YES;
				CLANG_WARN_CONSTANT_CONVERSION = YES;
				CLANG_WARN_DIRECT_OBJC_ISA_USAGE = YES_ERROR;
				CLANG_WARN_DOCUMENTATION_COMMENTS = YES;
				CLANG_WARN_EMPTY_BODY = YES;
				CLANG_WARN_ENUM_CONVERSION = YES;
				CLANG_WARN_INFINITE_RECURSION = YES;
				CLANG_WARN_INT_CONVERSION = YES;
				CLANG_WARN_NON_LITERAL_NULL_CONVERSION = YES;
				CLANG_WARN_OBJC_LITERAL_CONVERSION = YES;
				CLANG_WARN_OBJC_ROOT_CLASS = YES_ERROR;
				CLANG_WARN_RANGE_LOOP_ANALYSIS = YES;
				CLANG_WARN_STRICT_PROTOTYPES = YES;
				CLANG_WARN_SUSPICIOUS_MOVE = YES;
				CLANG_WARN_UNGUARDED_AVAILABILITY = YES_AGGRESSIVE;
				CLANG_WARN_UNREACHABLE_CODE = YES;
				CLANG_WARN__DUPLICATE_METHOD_MATCH = YES;
				CODE_SIGN_IDENTITY = "iPhone Developer";
				COPY_PHASE_STRIP = NO;
				DEBUG_INFORMATION_FORMAT = "dwarf-with-dsym";
				ENABLE_NS_ASSERTIONS = NO;
				ENABLE_STRICT_OBJC_MSGSEND = YES;
				GCC_C_LANGUAGE_STANDARD = gnu11;
				GCC_NO_COMMON_BLOCKS = YES;
				GCC_WARN_64_TO_32_BIT_CONVERSION = YES;
				GCC_WARN_ABOUT_RETURN_TYPE = YES_ERROR;
				GCC_WARN_UNDECLARED_SELECTOR = YES;
				GCC_WARN_UNINITIALIZED_AUTOS = YES_AGGRESSIVE;
				GCC_WARN_UNUSED_FUNCTION = YES;
				GCC_WARN_UNUSED_VARIABLE = YES;
				IPHONEOS_DEPLOYMENT_TARGET = 11.0;
				MTL_ENABLE_DEBUG_INFO = NO;
				SDKROOT = iphoneos;
				SWIFT_OPTIMIZATION_LEVEL = "-Owholemodule";
				VALIDATE_PRODUCT = YES;
			};
			name = Release;
		};
		B2034AAB20042E36004F8D7B /* Debug */ = {
			isa = XCBuildConfiguration;
			buildSettings = {
				ASSETCATALOG_COMPILER_APPICON_NAME = AppIcon;
				"CODE_SIGN_IDENTITY[sdk=iphoneos*]" = "iPhone Developer";
				CODE_SIGN_STYLE = Automatic;
				DEVELOPMENT_TEAM = KP568YSNC8;
				INFOPLIST_FILE = "$(SRCROOT)/BattleShipGame/Supporting Files/Info.plist";
				IPHONEOS_DEPLOYMENT_TARGET = 10.0;
				LD_RUNPATH_SEARCH_PATHS = "$(inherited) @executable_path/Frameworks";
				PRODUCT_BUNDLE_IDENTIFIER = edu.self.BattleShipGame;
				PRODUCT_NAME = "$(TARGET_NAME)";
				PROVISIONING_PROFILE_SPECIFIER = "";
				SWIFT_VERSION = 4.0;
				TARGETED_DEVICE_FAMILY = 1;
			};
			name = Debug;
		};
		B2034AAC20042E36004F8D7B /* Release */ = {
			isa = XCBuildConfiguration;
			buildSettings = {
				ASSETCATALOG_COMPILER_APPICON_NAME = AppIcon;
				"CODE_SIGN_IDENTITY[sdk=iphoneos*]" = "iPhone Developer";
				CODE_SIGN_STYLE = Automatic;
				DEVELOPMENT_TEAM = KP568YSNC8;
				INFOPLIST_FILE = "$(SRCROOT)/BattleShipGame/Supporting Files/Info.plist";
				IPHONEOS_DEPLOYMENT_TARGET = 10.0;
				LD_RUNPATH_SEARCH_PATHS = "$(inherited) @executable_path/Frameworks";
				PRODUCT_BUNDLE_IDENTIFIER = edu.self.BattleShipGame;
				PRODUCT_NAME = "$(TARGET_NAME)";
				PROVISIONING_PROFILE_SPECIFIER = "";
				SWIFT_VERSION = 4.0;
				TARGETED_DEVICE_FAMILY = 1;
			};
			name = Release;
		};
/* End XCBuildConfiguration section */

/* Begin XCConfigurationList section */
		B2034A8D20042E36004F8D7B /* Build configuration list for PBXProject "BattleShipGame" */ = {
			isa = XCConfigurationList;
			buildConfigurations = (
				B2034AA820042E36004F8D7B /* Debug */,
				B2034AA920042E36004F8D7B /* Release */,
			);
			defaultConfigurationIsVisible = 0;
			defaultConfigurationName = Release;
		};
		B2034AAA20042E36004F8D7B /* Build configuration list for PBXNativeTarget "BattleShipGame" */ = {
			isa = XCConfigurationList;
			buildConfigurations = (
				B2034AAB20042E36004F8D7B /* Debug */,
				B2034AAC20042E36004F8D7B /* Release */,
			);
			defaultConfigurationIsVisible = 0;
			defaultConfigurationName = Release;
		};
/* End XCConfigurationList section */
	};
	rootObject = B2034A8A20042E36004F8D7B /* Project object */;
}
